// !$*UTF8*$!
{
	archiveVersion = 1;
	classes = {
	};
	objectVersion = 56;
	objects = {

/* Begin PBXBuildFile section */
		5A5577372CABC17900E19194 /* SpaceFlightNewsApp.swift in Sources */ = {isa = PBXBuildFile; fileRef = 5A5577362CABC17900E19194 /* SpaceFlightNewsApp.swift */; };
		5A5577392CABC17900E19194 /* ContentView.swift in Sources */ = {isa = PBXBuildFile; fileRef = 5A5577382CABC17900E19194 /* ContentView.swift */; };
		5A55773B2CABC17A00E19194 /* Assets.xcassets in Resources */ = {isa = PBXBuildFile; fileRef = 5A55773A2CABC17A00E19194 /* Assets.xcassets */; };
		5A55773F2CABC17A00E19194 /* Preview Assets.xcassets in Resources */ = {isa = PBXBuildFile; fileRef = 5A55773E2CABC17A00E19194 /* Preview Assets.xcassets */; };
		5A5577492CABC17B00E19194 /* SpaceFlightNewsTests.swift in Sources */ = {isa = PBXBuildFile; fileRef = 5A5577482CABC17B00E19194 /* SpaceFlightNewsTests.swift */; };
		5A5577532CABC17B00E19194 /* SpaceFlightNewsUITests.swift in Sources */ = {isa = PBXBuildFile; fileRef = 5A5577522CABC17B00E19194 /* SpaceFlightNewsUITests.swift */; };
		5A5577552CABC17B00E19194 /* SpaceFlightNewsUITestsLaunchTests.swift in Sources */ = {isa = PBXBuildFile; fileRef = 5A5577542CABC17B00E19194 /* SpaceFlightNewsUITestsLaunchTests.swift */; };
		5A5577682CABC26C00E19194 /* APIModule in Frameworks */ = {isa = PBXBuildFile; productRef = 5A5577672CABC26C00E19194 /* APIModule */; };
		5A55776A2CABC26C00E19194 /* InjectorModule in Frameworks */ = {isa = PBXBuildFile; productRef = 5A5577692CABC26C00E19194 /* InjectorModule */; };
		5A55776C2CABC26C00E19194 /* NetworkModule in Frameworks */ = {isa = PBXBuildFile; productRef = 5A55776B2CABC26C00E19194 /* NetworkModule */; };
		5A55776E2CABC26C00E19194 /* UtilityModule in Frameworks */ = {isa = PBXBuildFile; productRef = 5A55776D2CABC26C00E19194 /* UtilityModule */; };
		5A5577712CABCCCC00E19194 /* Auth0 in Frameworks */ = {isa = PBXBuildFile; productRef = 5A5577702CABCCCC00E19194 /* Auth0 */; };
		5A5577732CABCD4300E19194 /* AuthView.swift in Sources */ = {isa = PBXBuildFile; fileRef = 5A5577722CABCD4300E19194 /* AuthView.swift */; };
		5A5577752CABD29000E19194 /* Auth0.plist in Resources */ = {isa = PBXBuildFile; fileRef = 5A5577742CABD29000E19194 /* Auth0.plist */; };
		5A5577782CAC0D9000E19194 /* HomeView.swift in Sources */ = {isa = PBXBuildFile; fileRef = 5A5577772CAC0D9000E19194 /* HomeView.swift */; };
		5A55777A2CAC0F5200E19194 /* NewsViewModel.swift in Sources */ = {isa = PBXBuildFile; fileRef = 5A5577792CAC0F5200E19194 /* NewsViewModel.swift */; };
		5A55777C2CAC0FE200E19194 /* News.swift in Sources */ = {isa = PBXBuildFile; fileRef = 5A55777B2CAC0FE200E19194 /* News.swift */; };
		5A5577802CAC170B00E19194 /* DetailedListView.swift in Sources */ = {isa = PBXBuildFile; fileRef = 5A55777F2CAC170B00E19194 /* DetailedListView.swift */; };
		5A5577822CAD791D00E19194 /* RadioButtonView.swift in Sources */ = {isa = PBXBuildFile; fileRef = 5A5577812CAD791D00E19194 /* RadioButtonView.swift */; };
		5A5577842CAD7DAE00E19194 /* AuthViewModel.swift in Sources */ = {isa = PBXBuildFile; fileRef = 5A5577832CAD7DAE00E19194 /* AuthViewModel.swift */; };
		5A5577862CAD883F00E19194 /* UserProfile.swift in Sources */ = {isa = PBXBuildFile; fileRef = 5A5577852CAD883F00E19194 /* UserProfile.swift */; };
		5A5577882CAD89E500E19194 /* AuthManager.swift in Sources */ = {isa = PBXBuildFile; fileRef = 5A5577872CAD89E500E19194 /* AuthManager.swift */; };
		5A55778A2CAD8CF100E19194 /* KeychainManager.swift in Sources */ = {isa = PBXBuildFile; fileRef = 5A5577892CAD8CF100E19194 /* KeychainManager.swift */; };
/* End PBXBuildFile section */

/* Begin PBXContainerItemProxy section */
		5A5577452CABC17B00E19194 /* PBXContainerItemProxy */ = {
			isa = PBXContainerItemProxy;
			containerPortal = 5A55772B2CABC17900E19194 /* Project object */;
			proxyType = 1;
			remoteGlobalIDString = 5A5577322CABC17900E19194;
			remoteInfo = SpaceFlightNews;
		};
		5A55774F2CABC17B00E19194 /* PBXContainerItemProxy */ = {
			isa = PBXContainerItemProxy;
			containerPortal = 5A55772B2CABC17900E19194 /* Project object */;
			proxyType = 1;
			remoteGlobalIDString = 5A5577322CABC17900E19194;
			remoteInfo = SpaceFlightNews;
		};
/* End PBXContainerItemProxy section */

/* Begin PBXFileReference section */
		5A5577332CABC17900E19194 /* SpaceFlightNews.app */ = {isa = PBXFileReference; explicitFileType = wrapper.application; includeInIndex = 0; path = SpaceFlightNews.app; sourceTree = BUILT_PRODUCTS_DIR; };
		5A5577362CABC17900E19194 /* SpaceFlightNewsApp.swift */ = {isa = PBXFileReference; lastKnownFileType = sourcecode.swift; path = SpaceFlightNewsApp.swift; sourceTree = "<group>"; };
		5A5577382CABC17900E19194 /* ContentView.swift */ = {isa = PBXFileReference; lastKnownFileType = sourcecode.swift; path = ContentView.swift; sourceTree = "<group>"; };
		5A55773A2CABC17A00E19194 /* Assets.xcassets */ = {isa = PBXFileReference; lastKnownFileType = folder.assetcatalog; path = Assets.xcassets; sourceTree = "<group>"; };
		5A55773C2CABC17A00E19194 /* SpaceFlightNews.entitlements */ = {isa = PBXFileReference; lastKnownFileType = text.plist.entitlements; path = SpaceFlightNews.entitlements; sourceTree = "<group>"; };
		5A55773E2CABC17A00E19194 /* Preview Assets.xcassets */ = {isa = PBXFileReference; lastKnownFileType = folder.assetcatalog; path = "Preview Assets.xcassets"; sourceTree = "<group>"; };
		5A5577442CABC17B00E19194 /* SpaceFlightNewsTests.xctest */ = {isa = PBXFileReference; explicitFileType = wrapper.cfbundle; includeInIndex = 0; path = SpaceFlightNewsTests.xctest; sourceTree = BUILT_PRODUCTS_DIR; };
		5A5577482CABC17B00E19194 /* SpaceFlightNewsTests.swift */ = {isa = PBXFileReference; lastKnownFileType = sourcecode.swift; path = SpaceFlightNewsTests.swift; sourceTree = "<group>"; };
		5A55774E2CABC17B00E19194 /* SpaceFlightNewsUITests.xctest */ = {isa = PBXFileReference; explicitFileType = wrapper.cfbundle; includeInIndex = 0; path = SpaceFlightNewsUITests.xctest; sourceTree = BUILT_PRODUCTS_DIR; };
		5A5577522CABC17B00E19194 /* SpaceFlightNewsUITests.swift */ = {isa = PBXFileReference; lastKnownFileType = sourcecode.swift; path = SpaceFlightNewsUITests.swift; sourceTree = "<group>"; };
		5A5577542CABC17B00E19194 /* SpaceFlightNewsUITestsLaunchTests.swift */ = {isa = PBXFileReference; lastKnownFileType = sourcecode.swift; path = SpaceFlightNewsUITestsLaunchTests.swift; sourceTree = "<group>"; };
		5A5577622CABC19700E19194 /* UtilityModule */ = {isa = PBXFileReference; lastKnownFileType = wrapper; name = UtilityModule; path = SwiftPackages/UtilityModule; sourceTree = "<group>"; };
		5A5577632CABC1A500E19194 /* InjectorModule */ = {isa = PBXFileReference; lastKnownFileType = wrapper; name = InjectorModule; path = SwiftPackages/InjectorModule; sourceTree = "<group>"; };
		5A5577642CABC1B100E19194 /* NetworkModule */ = {isa = PBXFileReference; lastKnownFileType = wrapper; name = NetworkModule; path = SwiftPackages/NetworkModule; sourceTree = "<group>"; };
		5A5577652CABC1BF00E19194 /* APIModule */ = {isa = PBXFileReference; lastKnownFileType = wrapper; name = APIModule; path = SwiftPackages/APIModule; sourceTree = "<group>"; };
		5A5577722CABCD4300E19194 /* AuthView.swift */ = {isa = PBXFileReference; lastKnownFileType = sourcecode.swift; path = AuthView.swift; sourceTree = "<group>"; };
		5A5577742CABD29000E19194 /* Auth0.plist */ = {isa = PBXFileReference; lastKnownFileType = text.plist.xml; path = Auth0.plist; sourceTree = "<group>"; };
		5A5577762CABD32C00E19194 /* Info.plist */ = {isa = PBXFileReference; lastKnownFileType = text.plist; path = Info.plist; sourceTree = "<group>"; };
		5A5577772CAC0D9000E19194 /* HomeView.swift */ = {isa = PBXFileReference; lastKnownFileType = sourcecode.swift; path = HomeView.swift; sourceTree = "<group>"; };
		5A5577792CAC0F5200E19194 /* NewsViewModel.swift */ = {isa = PBXFileReference; lastKnownFileType = sourcecode.swift; path = NewsViewModel.swift; sourceTree = "<group>"; };
		5A55777B2CAC0FE200E19194 /* News.swift */ = {isa = PBXFileReference; lastKnownFileType = sourcecode.swift; path = News.swift; sourceTree = "<group>"; };
		5A55777F2CAC170B00E19194 /* DetailedListView.swift */ = {isa = PBXFileReference; lastKnownFileType = sourcecode.swift; path = DetailedListView.swift; sourceTree = "<group>"; };
		5A5577812CAD791D00E19194 /* RadioButtonView.swift */ = {isa = PBXFileReference; lastKnownFileType = sourcecode.swift; path = RadioButtonView.swift; sourceTree = "<group>"; };
		5A5577832CAD7DAE00E19194 /* AuthViewModel.swift */ = {isa = PBXFileReference; lastKnownFileType = sourcecode.swift; path = AuthViewModel.swift; sourceTree = "<group>"; };
		5A5577852CAD883F00E19194 /* UserProfile.swift */ = {isa = PBXFileReference; lastKnownFileType = sourcecode.swift; path = UserProfile.swift; sourceTree = "<group>"; };
		5A5577872CAD89E500E19194 /* AuthManager.swift */ = {isa = PBXFileReference; lastKnownFileType = sourcecode.swift; path = AuthManager.swift; sourceTree = "<group>"; };
		5A5577892CAD8CF100E19194 /* KeychainManager.swift */ = {isa = PBXFileReference; lastKnownFileType = sourcecode.swift; path = KeychainManager.swift; sourceTree = "<group>"; };
/* End PBXFileReference section */

/* Begin PBXFrameworksBuildPhase section */
		5A5577302CABC17900E19194 /* Frameworks */ = {
			isa = PBXFrameworksBuildPhase;
			buildActionMask = 2147483647;
			files = (
				5A55776A2CABC26C00E19194 /* InjectorModule in Frameworks */,
				5A5577682CABC26C00E19194 /* APIModule in Frameworks */,
				5A55776C2CABC26C00E19194 /* NetworkModule in Frameworks */,
				5A5577712CABCCCC00E19194 /* Auth0 in Frameworks */,
				5A55776E2CABC26C00E19194 /* UtilityModule in Frameworks */,
			);
			runOnlyForDeploymentPostprocessing = 0;
		};
		5A5577412CABC17B00E19194 /* Frameworks */ = {
			isa = PBXFrameworksBuildPhase;
			buildActionMask = 2147483647;
			files = (
			);
			runOnlyForDeploymentPostprocessing = 0;
		};
		5A55774B2CABC17B00E19194 /* Frameworks */ = {
			isa = PBXFrameworksBuildPhase;
			buildActionMask = 2147483647;
			files = (
			);
			runOnlyForDeploymentPostprocessing = 0;
		};
/* End PBXFrameworksBuildPhase section */

/* Begin PBXGroup section */
		5A55772A2CABC17900E19194 = {
			isa = PBXGroup;
			children = (
				5A5577612CABC19700E19194 /* Packages */,
				5A5577352CABC17900E19194 /* SpaceFlightNews */,
				5A5577472CABC17B00E19194 /* SpaceFlightNewsTests */,
				5A5577512CABC17B00E19194 /* SpaceFlightNewsUITests */,
				5A5577342CABC17900E19194 /* Products */,
				5A5577662CABC26C00E19194 /* Frameworks */,
			);
			sourceTree = "<group>";
		};
		5A5577342CABC17900E19194 /* Products */ = {
			isa = PBXGroup;
			children = (
				5A5577332CABC17900E19194 /* SpaceFlightNews.app */,
				5A5577442CABC17B00E19194 /* SpaceFlightNewsTests.xctest */,
				5A55774E2CABC17B00E19194 /* SpaceFlightNewsUITests.xctest */,
			);
			name = Products;
			sourceTree = "<group>";
		};
		5A5577352CABC17900E19194 /* SpaceFlightNews */ = {
			isa = PBXGroup;
			children = (
				5A5577762CABD32C00E19194 /* Info.plist */,
				5A5577362CABC17900E19194 /* SpaceFlightNewsApp.swift */,
				5A55778B2CAE259F00E19194 /* Views */,
				5A55778C2CAE25B500E19194 /* ViewModels */,
				5A55778D2CAE25C700E19194 /* Models */,
				5A5577872CAD89E500E19194 /* AuthManager.swift */,
				5A5577892CAD8CF100E19194 /* KeychainManager.swift */,
				5A5577742CABD29000E19194 /* Auth0.plist */,
				5A55773A2CABC17A00E19194 /* Assets.xcassets */,
				5A55773C2CABC17A00E19194 /* SpaceFlightNews.entitlements */,
				5A55773D2CABC17A00E19194 /* Preview Content */,
			);
			path = SpaceFlightNews;
			sourceTree = "<group>";
		};
		5A55773D2CABC17A00E19194 /* Preview Content */ = {
			isa = PBXGroup;
			children = (
				5A55773E2CABC17A00E19194 /* Preview Assets.xcassets */,
			);
			path = "Preview Content";
			sourceTree = "<group>";
		};
		5A5577472CABC17B00E19194 /* SpaceFlightNewsTests */ = {
			isa = PBXGroup;
			children = (
				5A5577482CABC17B00E19194 /* SpaceFlightNewsTests.swift */,
			);
			path = SpaceFlightNewsTests;
			sourceTree = "<group>";
		};
		5A5577512CABC17B00E19194 /* SpaceFlightNewsUITests */ = {
			isa = PBXGroup;
			children = (
				5A5577522CABC17B00E19194 /* SpaceFlightNewsUITests.swift */,
				5A5577542CABC17B00E19194 /* SpaceFlightNewsUITestsLaunchTests.swift */,
			);
			path = SpaceFlightNewsUITests;
			sourceTree = "<group>";
		};
		5A5577612CABC19700E19194 /* Packages */ = {
			isa = PBXGroup;
			children = (
				5A5577622CABC19700E19194 /* UtilityModule */,
				5A5577632CABC1A500E19194 /* InjectorModule */,
				5A5577642CABC1B100E19194 /* NetworkModule */,
				5A5577652CABC1BF00E19194 /* APIModule */,
			);
			name = Packages;
			sourceTree = "<group>";
		};
		5A5577662CABC26C00E19194 /* Frameworks */ = {
			isa = PBXGroup;
			children = (
			);
			name = Frameworks;
			sourceTree = "<group>";
		};
		5A55778B2CAE259F00E19194 /* Views */ = {
			isa = PBXGroup;
			children = (
				5A5577772CAC0D9000E19194 /* HomeView.swift */,
				5A55777F2CAC170B00E19194 /* DetailedListView.swift */,
				5A5577812CAD791D00E19194 /* RadioButtonView.swift */,
				5A5577382CABC17900E19194 /* ContentView.swift */,
				5A5577722CABCD4300E19194 /* AuthView.swift */,
			);
			path = Views;
			sourceTree = "<group>";
		};
		5A55778C2CAE25B500E19194 /* ViewModels */ = {
			isa = PBXGroup;
			children = (
				5A5577792CAC0F5200E19194 /* NewsViewModel.swift */,
				5A5577832CAD7DAE00E19194 /* AuthViewModel.swift */,
			);
			path = ViewModels;
			sourceTree = "<group>";
		};
		5A55778D2CAE25C700E19194 /* Models */ = {
			isa = PBXGroup;
			children = (
				5A55777B2CAC0FE200E19194 /* News.swift */,
				5A5577852CAD883F00E19194 /* UserProfile.swift */,
			);
			path = Models;
			sourceTree = "<group>";
		};
/* End PBXGroup section */

/* Begin PBXNativeTarget section */
		5A5577322CABC17900E19194 /* SpaceFlightNews */ = {
			isa = PBXNativeTarget;
			buildConfigurationList = 5A5577582CABC17B00E19194 /* Build configuration list for PBXNativeTarget "SpaceFlightNews" */;
			buildPhases = (
				5A55772F2CABC17900E19194 /* Sources */,
				5A5577302CABC17900E19194 /* Frameworks */,
				5A5577312CABC17900E19194 /* Resources */,
			);
			buildRules = (
			);
			dependencies = (
			);
			name = SpaceFlightNews;
			packageProductDependencies = (
				5A5577672CABC26C00E19194 /* APIModule */,
				5A5577692CABC26C00E19194 /* InjectorModule */,
				5A55776B2CABC26C00E19194 /* NetworkModule */,
				5A55776D2CABC26C00E19194 /* UtilityModule */,
				5A5577702CABCCCC00E19194 /* Auth0 */,
			);
			productName = SpaceFlightNews;
			productReference = 5A5577332CABC17900E19194 /* SpaceFlightNews.app */;
			productType = "com.apple.product-type.application";
		};
		5A5577432CABC17B00E19194 /* SpaceFlightNewsTests */ = {
			isa = PBXNativeTarget;
			buildConfigurationList = 5A55775B2CABC17B00E19194 /* Build configuration list for PBXNativeTarget "SpaceFlightNewsTests" */;
			buildPhases = (
				5A5577402CABC17B00E19194 /* Sources */,
				5A5577412CABC17B00E19194 /* Frameworks */,
				5A5577422CABC17B00E19194 /* Resources */,
			);
			buildRules = (
			);
			dependencies = (
				5A5577462CABC17B00E19194 /* PBXTargetDependency */,
			);
			name = SpaceFlightNewsTests;
			productName = SpaceFlightNewsTests;
			productReference = 5A5577442CABC17B00E19194 /* SpaceFlightNewsTests.xctest */;
			productType = "com.apple.product-type.bundle.unit-test";
		};
		5A55774D2CABC17B00E19194 /* SpaceFlightNewsUITests */ = {
			isa = PBXNativeTarget;
			buildConfigurationList = 5A55775E2CABC17B00E19194 /* Build configuration list for PBXNativeTarget "SpaceFlightNewsUITests" */;
			buildPhases = (
				5A55774A2CABC17B00E19194 /* Sources */,
				5A55774B2CABC17B00E19194 /* Frameworks */,
				5A55774C2CABC17B00E19194 /* Resources */,
			);
			buildRules = (
			);
			dependencies = (
				5A5577502CABC17B00E19194 /* PBXTargetDependency */,
			);
			name = SpaceFlightNewsUITests;
			productName = SpaceFlightNewsUITests;
			productReference = 5A55774E2CABC17B00E19194 /* SpaceFlightNewsUITests.xctest */;
			productType = "com.apple.product-type.bundle.ui-testing";
		};
/* End PBXNativeTarget section */

/* Begin PBXProject section */
		5A55772B2CABC17900E19194 /* Project object */ = {
			isa = PBXProject;
			attributes = {
				BuildIndependentTargetsInParallel = 1;
				LastSwiftUpdateCheck = 1430;
				LastUpgradeCheck = 1430;
				TargetAttributes = {
					5A5577322CABC17900E19194 = {
						CreatedOnToolsVersion = 14.3.1;
					};
					5A5577432CABC17B00E19194 = {
						CreatedOnToolsVersion = 14.3.1;
						TestTargetID = 5A5577322CABC17900E19194;
					};
					5A55774D2CABC17B00E19194 = {
						CreatedOnToolsVersion = 14.3.1;
						TestTargetID = 5A5577322CABC17900E19194;
					};
				};
			};
			buildConfigurationList = 5A55772E2CABC17900E19194 /* Build configuration list for PBXProject "SpaceFlightNews" */;
			compatibilityVersion = "Xcode 14.0";
			developmentRegion = en;
			hasScannedForEncodings = 0;
			knownRegions = (
				en,
				Base,
			);
			mainGroup = 5A55772A2CABC17900E19194;
			packageReferences = (
				5A55776F2CABCCCC00E19194 /* XCRemoteSwiftPackageReference "Auth0.swift" */,
			);
			productRefGroup = 5A5577342CABC17900E19194 /* Products */;
			projectDirPath = "";
			projectRoot = "";
			targets = (
				5A5577322CABC17900E19194 /* SpaceFlightNews */,
				5A5577432CABC17B00E19194 /* SpaceFlightNewsTests */,
				5A55774D2CABC17B00E19194 /* SpaceFlightNewsUITests */,
			);
		};
/* End PBXProject section */

/* Begin PBXResourcesBuildPhase section */
		5A5577312CABC17900E19194 /* Resources */ = {
			isa = PBXResourcesBuildPhase;
			buildActionMask = 2147483647;
			files = (
				5A55773F2CABC17A00E19194 /* Preview Assets.xcassets in Resources */,
				5A5577752CABD29000E19194 /* Auth0.plist in Resources */,
				5A55773B2CABC17A00E19194 /* Assets.xcassets in Resources */,
			);
			runOnlyForDeploymentPostprocessing = 0;
		};
		5A5577422CABC17B00E19194 /* Resources */ = {
			isa = PBXResourcesBuildPhase;
			buildActionMask = 2147483647;
			files = (
			);
			runOnlyForDeploymentPostprocessing = 0;
		};
		5A55774C2CABC17B00E19194 /* Resources */ = {
			isa = PBXResourcesBuildPhase;
			buildActionMask = 2147483647;
			files = (
			);
			runOnlyForDeploymentPostprocessing = 0;
		};
/* End PBXResourcesBuildPhase section */

/* Begin PBXSourcesBuildPhase section */
		5A55772F2CABC17900E19194 /* Sources */ = {
			isa = PBXSourcesBuildPhase;
			buildActionMask = 2147483647;
			files = (
				5A55777C2CAC0FE200E19194 /* News.swift in Sources */,
				5A5577392CABC17900E19194 /* ContentView.swift in Sources */,
				5A5577862CAD883F00E19194 /* UserProfile.swift in Sources */,
				5A5577782CAC0D9000E19194 /* HomeView.swift in Sources */,
				5A5577372CABC17900E19194 /* SpaceFlightNewsApp.swift in Sources */,
				5A55777A2CAC0F5200E19194 /* NewsViewModel.swift in Sources */,
				5A5577802CAC170B00E19194 /* DetailedListView.swift in Sources */,
				5A55778A2CAD8CF100E19194 /* KeychainManager.swift in Sources */,
				5A5577822CAD791D00E19194 /* RadioButtonView.swift in Sources */,
				5A5577882CAD89E500E19194 /* AuthManager.swift in Sources */,
				5A5577732CABCD4300E19194 /* AuthView.swift in Sources */,
				5A5577842CAD7DAE00E19194 /* AuthViewModel.swift in Sources */,
			);
			runOnlyForDeploymentPostprocessing = 0;
		};
		5A5577402CABC17B00E19194 /* Sources */ = {
			isa = PBXSourcesBuildPhase;
			buildActionMask = 2147483647;
			files = (
				5A5577492CABC17B00E19194 /* SpaceFlightNewsTests.swift in Sources */,
			);
			runOnlyForDeploymentPostprocessing = 0;
		};
		5A55774A2CABC17B00E19194 /* Sources */ = {
			isa = PBXSourcesBuildPhase;
			buildActionMask = 2147483647;
			files = (
				5A5577552CABC17B00E19194 /* SpaceFlightNewsUITestsLaunchTests.swift in Sources */,
				5A5577532CABC17B00E19194 /* SpaceFlightNewsUITests.swift in Sources */,
			);
			runOnlyForDeploymentPostprocessing = 0;
		};
/* End PBXSourcesBuildPhase section */

/* Begin PBXTargetDependency section */
		5A5577462CABC17B00E19194 /* PBXTargetDependency */ = {
			isa = PBXTargetDependency;
			target = 5A5577322CABC17900E19194 /* SpaceFlightNews */;
			targetProxy = 5A5577452CABC17B00E19194 /* PBXContainerItemProxy */;
		};
		5A5577502CABC17B00E19194 /* PBXTargetDependency */ = {
			isa = PBXTargetDependency;
			target = 5A5577322CABC17900E19194 /* SpaceFlightNews */;
			targetProxy = 5A55774F2CABC17B00E19194 /* PBXContainerItemProxy */;
		};
/* End PBXTargetDependency section */

/* Begin XCBuildConfiguration section */
		5A5577562CABC17B00E19194 /* Debug */ = {
			isa = XCBuildConfiguration;
			buildSettings = {
				ALWAYS_SEARCH_USER_PATHS = NO;
				CLANG_ANALYZER_NONNULL = YES;
				CLANG_ANALYZER_NUMBER_OBJECT_CONVERSION = YES_AGGRESSIVE;
				CLANG_CXX_LANGUAGE_STANDARD = "gnu++20";
				CLANG_ENABLE_MODULES = YES;
				CLANG_ENABLE_OBJC_ARC = YES;
				CLANG_ENABLE_OBJC_WEAK = YES;
				CLANG_WARN_BLOCK_CAPTURE_AUTORELEASING = YES;
				CLANG_WARN_BOOL_CONVERSION = YES;
				CLANG_WARN_COMMA = YES;
				CLANG_WARN_CONSTANT_CONVERSION = YES;
				CLANG_WARN_DEPRECATED_OBJC_IMPLEMENTATIONS = YES;
				CLANG_WARN_DIRECT_OBJC_ISA_USAGE = YES_ERROR;
				CLANG_WARN_DOCUMENTATION_COMMENTS = YES;
				CLANG_WARN_EMPTY_BODY = YES;
				CLANG_WARN_ENUM_CONVERSION = YES;
				CLANG_WARN_INFINITE_RECURSION = YES;
				CLANG_WARN_INT_CONVERSION = YES;
				CLANG_WARN_NON_LITERAL_NULL_CONVERSION = YES;
				CLANG_WARN_OBJC_IMPLICIT_RETAIN_SELF = YES;
				CLANG_WARN_OBJC_LITERAL_CONVERSION = YES;
				CLANG_WARN_OBJC_ROOT_CLASS = YES_ERROR;
				CLANG_WARN_QUOTED_INCLUDE_IN_FRAMEWORK_HEADER = YES;
				CLANG_WARN_RANGE_LOOP_ANALYSIS = YES;
				CLANG_WARN_STRICT_PROTOTYPES = YES;
				CLANG_WARN_SUSPICIOUS_MOVE = YES;
				CLANG_WARN_UNGUARDED_AVAILABILITY = YES_AGGRESSIVE;
				CLANG_WARN_UNREACHABLE_CODE = YES;
				CLANG_WARN__DUPLICATE_METHOD_MATCH = YES;
				COPY_PHASE_STRIP = NO;
				DEBUG_INFORMATION_FORMAT = dwarf;
				ENABLE_STRICT_OBJC_MSGSEND = YES;
				ENABLE_TESTABILITY = YES;
				GCC_C_LANGUAGE_STANDARD = gnu11;
				GCC_DYNAMIC_NO_PIC = NO;
				GCC_NO_COMMON_BLOCKS = YES;
				GCC_OPTIMIZATION_LEVEL = 0;
				GCC_PREPROCESSOR_DEFINITIONS = (
					"DEBUG=1",
					"$(inherited)",
				);
				GCC_WARN_64_TO_32_BIT_CONVERSION = YES;
				GCC_WARN_ABOUT_RETURN_TYPE = YES_ERROR;
				GCC_WARN_UNDECLARED_SELECTOR = YES;
				GCC_WARN_UNINITIALIZED_AUTOS = YES_AGGRESSIVE;
				GCC_WARN_UNUSED_FUNCTION = YES;
				GCC_WARN_UNUSED_VARIABLE = YES;
				MTL_ENABLE_DEBUG_INFO = INCLUDE_SOURCE;
				MTL_FAST_MATH = YES;
				ONLY_ACTIVE_ARCH = YES;
				SWIFT_ACTIVE_COMPILATION_CONDITIONS = DEBUG;
				SWIFT_OPTIMIZATION_LEVEL = "-Onone";
			};
			name = Debug;
		};
		5A5577572CABC17B00E19194 /* Release */ = {
			isa = XCBuildConfiguration;
			buildSettings = {
				ALWAYS_SEARCH_USER_PATHS = NO;
				CLANG_ANALYZER_NONNULL = YES;
				CLANG_ANALYZER_NUMBER_OBJECT_CONVERSION = YES_AGGRESSIVE;
				CLANG_CXX_LANGUAGE_STANDARD = "gnu++20";
				CLANG_ENABLE_MODULES = YES;
				CLANG_ENABLE_OBJC_ARC = YES;
				CLANG_ENABLE_OBJC_WEAK = YES;
				CLANG_WARN_BLOCK_CAPTURE_AUTORELEASING = YES;
				CLANG_WARN_BOOL_CONVERSION = YES;
				CLANG_WARN_COMMA = YES;
				CLANG_WARN_CONSTANT_CONVERSION = YES;
				CLANG_WARN_DEPRECATED_OBJC_IMPLEMENTATIONS = YES;
				CLANG_WARN_DIRECT_OBJC_ISA_USAGE = YES_ERROR;
				CLANG_WARN_DOCUMENTATION_COMMENTS = YES;
				CLANG_WARN_EMPTY_BODY = YES;
				CLANG_WARN_ENUM_CONVERSION = YES;
				CLANG_WARN_INFINITE_RECURSION = YES;
				CLANG_WARN_INT_CONVERSION = YES;
				CLANG_WARN_NON_LITERAL_NULL_CONVERSION = YES;
				CLANG_WARN_OBJC_IMPLICIT_RETAIN_SELF = YES;
				CLANG_WARN_OBJC_LITERAL_CONVERSION = YES;
				CLANG_WARN_OBJC_ROOT_CLASS = YES_ERROR;
				CLANG_WARN_QUOTED_INCLUDE_IN_FRAMEWORK_HEADER = YES;
				CLANG_WARN_RANGE_LOOP_ANALYSIS = YES;
				CLANG_WARN_STRICT_PROTOTYPES = YES;
				CLANG_WARN_SUSPICIOUS_MOVE = YES;
				CLANG_WARN_UNGUARDED_AVAILABILITY = YES_AGGRESSIVE;
				CLANG_WARN_UNREACHABLE_CODE = YES;
				CLANG_WARN__DUPLICATE_METHOD_MATCH = YES;
				COPY_PHASE_STRIP = NO;
				DEBUG_INFORMATION_FORMAT = "dwarf-with-dsym";
				ENABLE_NS_ASSERTIONS = NO;
				ENABLE_STRICT_OBJC_MSGSEND = YES;
				GCC_C_LANGUAGE_STANDARD = gnu11;
				GCC_NO_COMMON_BLOCKS = YES;
				GCC_WARN_64_TO_32_BIT_CONVERSION = YES;
				GCC_WARN_ABOUT_RETURN_TYPE = YES_ERROR;
				GCC_WARN_UNDECLARED_SELECTOR = YES;
				GCC_WARN_UNINITIALIZED_AUTOS = YES_AGGRESSIVE;
				GCC_WARN_UNUSED_FUNCTION = YES;
				GCC_WARN_UNUSED_VARIABLE = YES;
				MTL_ENABLE_DEBUG_INFO = NO;
				MTL_FAST_MATH = YES;
				SWIFT_COMPILATION_MODE = wholemodule;
				SWIFT_OPTIMIZATION_LEVEL = "-O";
			};
			name = Release;
		};
		5A5577592CABC17B00E19194 /* Debug */ = {
			isa = XCBuildConfiguration;
			buildSettings = {
				ASSETCATALOG_COMPILER_APPICON_NAME = AppIcon;
				ASSETCATALOG_COMPILER_GLOBAL_ACCENT_COLOR_NAME = AccentColor;
				CODE_SIGN_ENTITLEMENTS = SpaceFlightNews/SpaceFlightNews.entitlements;
				CODE_SIGN_STYLE = Automatic;
				CURRENT_PROJECT_VERSION = 1;
				DEVELOPMENT_ASSET_PATHS = "\"SpaceFlightNews/Preview Content\"";
				DEVELOPMENT_TEAM = 6PP5K2C27F;
				ENABLE_HARDENED_RUNTIME = YES;
				ENABLE_PREVIEWS = YES;
				GENERATE_INFOPLIST_FILE = YES;
				INFOPLIST_FILE = SpaceFlightNews/Info.plist;
				"INFOPLIST_KEY_UIApplicationSceneManifest_Generation[sdk=iphoneos*]" = YES;
				"INFOPLIST_KEY_UIApplicationSceneManifest_Generation[sdk=iphonesimulator*]" = YES;
				"INFOPLIST_KEY_UIApplicationSupportsIndirectInputEvents[sdk=iphoneos*]" = YES;
				"INFOPLIST_KEY_UIApplicationSupportsIndirectInputEvents[sdk=iphonesimulator*]" = YES;
				"INFOPLIST_KEY_UILaunchScreen_Generation[sdk=iphoneos*]" = YES;
				"INFOPLIST_KEY_UILaunchScreen_Generation[sdk=iphonesimulator*]" = YES;
				"INFOPLIST_KEY_UIStatusBarStyle[sdk=iphoneos*]" = UIStatusBarStyleDefault;
				"INFOPLIST_KEY_UIStatusBarStyle[sdk=iphonesimulator*]" = UIStatusBarStyleDefault;
				INFOPLIST_KEY_UISupportedInterfaceOrientations_iPad = "UIInterfaceOrientationPortrait UIInterfaceOrientationPortraitUpsideDown UIInterfaceOrientationLandscapeLeft UIInterfaceOrientationLandscapeRight";
				INFOPLIST_KEY_UISupportedInterfaceOrientations_iPhone = "UIInterfaceOrientationPortrait UIInterfaceOrientationLandscapeLeft UIInterfaceOrientationLandscapeRight";
				IPHONEOS_DEPLOYMENT_TARGET = 16.4;
				LD_RUNPATH_SEARCH_PATHS = "@executable_path/Frameworks";
				"LD_RUNPATH_SEARCH_PATHS[sdk=macosx*]" = "@executable_path/../Frameworks";
				MACOSX_DEPLOYMENT_TARGET = 13.0;
				MARKETING_VERSION = 1.0;
				PRODUCT_BUNDLE_IDENTIFIER = com.jacobandrean.SpaceFlightNews;
				PRODUCT_NAME = "$(TARGET_NAME)";
				SDKROOT = auto;
				SUPPORTED_PLATFORMS = "iphoneos iphonesimulator macosx";
				SWIFT_EMIT_LOC_STRINGS = YES;
				SWIFT_VERSION = 5.0;
				TARGETED_DEVICE_FAMILY = "1,2";
			};
			name = Debug;
		};
		5A55775A2CABC17B00E19194 /* Release */ = {
			isa = XCBuildConfiguration;
			buildSettings = {
				ASSETCATALOG_COMPILER_APPICON_NAME = AppIcon;
				ASSETCATALOG_COMPILER_GLOBAL_ACCENT_COLOR_NAME = AccentColor;
				CODE_SIGN_ENTITLEMENTS = SpaceFlightNews/SpaceFlightNews.entitlements;
				CODE_SIGN_STYLE = Automatic;
				CURRENT_PROJECT_VERSION = 1;
				DEVELOPMENT_ASSET_PATHS = "\"SpaceFlightNews/Preview Content\"";
				DEVELOPMENT_TEAM = 6PP5K2C27F;
				ENABLE_HARDENED_RUNTIME = YES;
				ENABLE_PREVIEWS = YES;
				GENERATE_INFOPLIST_FILE = YES;
				INFOPLIST_FILE = SpaceFlightNews/Info.plist;
				"INFOPLIST_KEY_UIApplicationSceneManifest_Generation[sdk=iphoneos*]" = YES;
				"INFOPLIST_KEY_UIApplicationSceneManifest_Generation[sdk=iphonesimulator*]" = YES;
				"INFOPLIST_KEY_UIApplicationSupportsIndirectInputEvents[sdk=iphoneos*]" = YES;
				"INFOPLIST_KEY_UIApplicationSupportsIndirectInputEvents[sdk=iphonesimulator*]" = YES;
				"INFOPLIST_KEY_UILaunchScreen_Generation[sdk=iphoneos*]" = YES;
				"INFOPLIST_KEY_UILaunchScreen_Generation[sdk=iphonesimulator*]" = YES;
				"INFOPLIST_KEY_UIStatusBarStyle[sdk=iphoneos*]" = UIStatusBarStyleDefault;
				"INFOPLIST_KEY_UIStatusBarStyle[sdk=iphonesimulator*]" = UIStatusBarStyleDefault;
				INFOPLIST_KEY_UISupportedInterfaceOrientations_iPad = "UIInterfaceOrientationPortrait UIInterfaceOrientationPortraitUpsideDown UIInterfaceOrientationLandscapeLeft UIInterfaceOrientationLandscapeRight";
				INFOPLIST_KEY_UISupportedInterfaceOrientations_iPhone = "UIInterfaceOrientationPortrait UIInterfaceOrientationLandscapeLeft UIInterfaceOrientationLandscapeRight";
				IPHONEOS_DEPLOYMENT_TARGET = 16.4;
				LD_RUNPATH_SEARCH_PATHS = "@executable_path/Frameworks";
				"LD_RUNPATH_SEARCH_PATHS[sdk=macosx*]" = "@executable_path/../Frameworks";
				MACOSX_DEPLOYMENT_TARGET = 13.0;
				MARKETING_VERSION = 1.0;
				PRODUCT_BUNDLE_IDENTIFIER = com.jacobandrean.SpaceFlightNews;
				PRODUCT_NAME = "$(TARGET_NAME)";
				SDKROOT = auto;
				SUPPORTED_PLATFORMS = "iphoneos iphonesimulator macosx";
				SWIFT_EMIT_LOC_STRINGS = YES;
				SWIFT_VERSION = 5.0;
				TARGETED_DEVICE_FAMILY = "1,2";
			};
			name = Release;
		};
		5A55775C2CABC17B00E19194 /* Debug */ = {
			isa = XCBuildConfiguration;
			buildSettings = {
				ALWAYS_EMBED_SWIFT_STANDARD_LIBRARIES = YES;
				BUNDLE_LOADER = "$(TEST_HOST)";
				CODE_SIGN_STYLE = Automatic;
				CURRENT_PROJECT_VERSION = 1;
				DEVELOPMENT_TEAM = 6PP5K2C27F;
				GENERATE_INFOPLIST_FILE = YES;
				IPHONEOS_DEPLOYMENT_TARGET = 16.4;
				MACOSX_DEPLOYMENT_TARGET = 13.0;
				MARKETING_VERSION = 1.0;
				PRODUCT_BUNDLE_IDENTIFIER = com.jacobandrean.SpaceFlightNewsTests;
				PRODUCT_NAME = "$(TARGET_NAME)";
				SDKROOT = auto;
				SUPPORTED_PLATFORMS = "iphoneos iphonesimulator macosx";
				SWIFT_EMIT_LOC_STRINGS = NO;
				SWIFT_VERSION = 5.0;
				TARGETED_DEVICE_FAMILY = "1,2";
				TEST_HOST = "$(BUILT_PRODUCTS_DIR)/SpaceFlightNews.app/$(BUNDLE_EXECUTABLE_FOLDER_PATH)/SpaceFlightNews";
			};
			name = Debug;
		};
		5A55775D2CABC17B00E19194 /* Release */ = {
			isa = XCBuildConfiguration;
			buildSettings = {
				ALWAYS_EMBED_SWIFT_STANDARD_LIBRARIES = YES;
				BUNDLE_LOADER = "$(TEST_HOST)";
				CODE_SIGN_STYLE = Automatic;
				CURRENT_PROJECT_VERSION = 1;
				DEVELOPMENT_TEAM = 6PP5K2C27F;
				GENERATE_INFOPLIST_FILE = YES;
				IPHONEOS_DEPLOYMENT_TARGET = 16.4;
				MACOSX_DEPLOYMENT_TARGET = 13.0;
				MARKETING_VERSION = 1.0;
				PRODUCT_BUNDLE_IDENTIFIER = com.jacobandrean.SpaceFlightNewsTests;
				PRODUCT_NAME = "$(TARGET_NAME)";
				SDKROOT = auto;
				SUPPORTED_PLATFORMS = "iphoneos iphonesimulator macosx";
				SWIFT_EMIT_LOC_STRINGS = NO;
				SWIFT_VERSION = 5.0;
				TARGETED_DEVICE_FAMILY = "1,2";
				TEST_HOST = "$(BUILT_PRODUCTS_DIR)/SpaceFlightNews.app/$(BUNDLE_EXECUTABLE_FOLDER_PATH)/SpaceFlightNews";
			};
			name = Release;
		};
		5A55775F2CABC17B00E19194 /* Debug */ = {
			isa = XCBuildConfiguration;
			buildSettings = {
				ALWAYS_EMBED_SWIFT_STANDARD_LIBRARIES = YES;
				CODE_SIGN_STYLE = Automatic;
				CURRENT_PROJECT_VERSION = 1;
				DEVELOPMENT_TEAM = 6PP5K2C27F;
				GENERATE_INFOPLIST_FILE = YES;
				IPHONEOS_DEPLOYMENT_TARGET = 16.4;
				MACOSX_DEPLOYMENT_TARGET = 13.0;
				MARKETING_VERSION = 1.0;
				PRODUCT_BUNDLE_IDENTIFIER = com.jacobandrean.SpaceFlightNewsUITests;
				PRODUCT_NAME = "$(TARGET_NAME)";
				SDKROOT = auto;
				SUPPORTED_PLATFORMS = "iphoneos iphonesimulator macosx";
				SWIFT_EMIT_LOC_STRINGS = NO;
				SWIFT_VERSION = 5.0;
				TARGETED_DEVICE_FAMILY = "1,2";
				TEST_TARGET_NAME = SpaceFlightNews;
			};
			name = Debug;
		};
		5A5577602CABC17B00E19194 /* Release */ = {
			isa = XCBuildConfiguration;
			buildSettings = {
				ALWAYS_EMBED_SWIFT_STANDARD_LIBRARIES = YES;
				CODE_SIGN_STYLE = Automatic;
				CURRENT_PROJECT_VERSION = 1;
				DEVELOPMENT_TEAM = 6PP5K2C27F;
				GENERATE_INFOPLIST_FILE = YES;
				IPHONEOS_DEPLOYMENT_TARGET = 16.4;
				MACOSX_DEPLOYMENT_TARGET = 13.0;
				MARKETING_VERSION = 1.0;
				PRODUCT_BUNDLE_IDENTIFIER = com.jacobandrean.SpaceFlightNewsUITests;
				PRODUCT_NAME = "$(TARGET_NAME)";
				SDKROOT = auto;
				SUPPORTED_PLATFORMS = "iphoneos iphonesimulator macosx";
				SWIFT_EMIT_LOC_STRINGS = NO;
				SWIFT_VERSION = 5.0;
				TARGETED_DEVICE_FAMILY = "1,2";
				TEST_TARGET_NAME = SpaceFlightNews;
			};
			name = Release;
		};
/* End XCBuildConfiguration section */

/* Begin XCConfigurationList section */
		5A55772E2CABC17900E19194 /* Build configuration list for PBXProject "SpaceFlightNews" */ = {
			isa = XCConfigurationList;
			buildConfigurations = (
				5A5577562CABC17B00E19194 /* Debug */,
				5A5577572CABC17B00E19194 /* Release */,
			);
			defaultConfigurationIsVisible = 0;
			defaultConfigurationName = Release;
		};
		5A5577582CABC17B00E19194 /* Build configuration list for PBXNativeTarget "SpaceFlightNews" */ = {
			isa = XCConfigurationList;
			buildConfigurations = (
				5A5577592CABC17B00E19194 /* Debug */,
				5A55775A2CABC17B00E19194 /* Release */,
			);
			defaultConfigurationIsVisible = 0;
			defaultConfigurationName = Release;
		};
		5A55775B2CABC17B00E19194 /* Build configuration list for PBXNativeTarget "SpaceFlightNewsTests" */ = {
			isa = XCConfigurationList;
			buildConfigurations = (
				5A55775C2CABC17B00E19194 /* Debug */,
				5A55775D2CABC17B00E19194 /* Release */,
			);
			defaultConfigurationIsVisible = 0;
			defaultConfigurationName = Release;
		};
		5A55775E2CABC17B00E19194 /* Build configuration list for PBXNativeTarget "SpaceFlightNewsUITests" */ = {
			isa = XCConfigurationList;
			buildConfigurations = (
				5A55775F2CABC17B00E19194 /* Debug */,
				5A5577602CABC17B00E19194 /* Release */,
			);
			defaultConfigurationIsVisible = 0;
			defaultConfigurationName = Release;
		};
/* End XCConfigurationList section */

/* Begin XCRemoteSwiftPackageReference section */
		5A55776F2CABCCCC00E19194 /* XCRemoteSwiftPackageReference "Auth0.swift" */ = {
			isa = XCRemoteSwiftPackageReference;
			repositoryURL = "https://github.com/auth0/Auth0.swift.git";
			requirement = {
				kind = upToNextMajorVersion;
				minimumVersion = 2.0.0;
			};
		};
/* End XCRemoteSwiftPackageReference section */

/* Begin XCSwiftPackageProductDependency section */
		5A5577672CABC26C00E19194 /* APIModule */ = {
			isa = XCSwiftPackageProductDependency;
			productName = APIModule;
		};
		5A5577692CABC26C00E19194 /* InjectorModule */ = {
			isa = XCSwiftPackageProductDependency;
			productName = InjectorModule;
		};
		5A55776B2CABC26C00E19194 /* NetworkModule */ = {
			isa = XCSwiftPackageProductDependency;
			productName = NetworkModule;
		};
		5A55776D2CABC26C00E19194 /* UtilityModule */ = {
			isa = XCSwiftPackageProductDependency;
			productName = UtilityModule;
		};
		5A5577702CABCCCC00E19194 /* Auth0 */ = {
			isa = XCSwiftPackageProductDependency;
			package = 5A55776F2CABCCCC00E19194 /* XCRemoteSwiftPackageReference "Auth0.swift" */;
			productName = Auth0;
		};
/* End XCSwiftPackageProductDependency section */
	};
	rootObject = 5A55772B2CABC17900E19194 /* Project object */;
}
